
Microsoft Visual Studio Solution File, Format Version 12.00
# Visual Studio Version 17
VisualStudioVersion = 17.8.34511.84
MinimumVisualStudioVersion = 10.0.40219.1
Project("{FAE04EC0-301F-11D3-BF4B-00C04F79EFBC}") = "Concesionario", "Concesionario\Concesionario.csproj", "{DEF7A2B4-6949-4EAD-BA74-D34E5981C1BD}"
EndProject
Global
	GlobalSection(SolutionConfigurationPlatforms) = preSolution
		Debug|Any CPU = Debug|Any CPU
		Release|Any CPU = Release|Any CPU
	EndGlobalSection
	GlobalSection(ProjectConfigurationPlatforms) = postSolution
		{DEF7A2B4-6949-4EAD-BA74-D34E5981C1BD}.Debug|Any CPU.ActiveCfg = Debug|Any CPU
		{DEF7A2B4-6949-4EAD-BA74-D34E5981C1BD}.Debug|Any CPU.Build.0 = Debug|Any CPU
		{DEF7A2B4-6949-4EAD-BA74-D34E5981C1BD}.Release|Any CPU.ActiveCfg = Release|Any CPU
		{DEF7A2B4-6949-4EAD-BA74-D34E5981C1BD}.Release|Any CPU.Build.0 = Release|Any CPU
	EndGlobalSection
	GlobalSection(SolutionProperties) = preSolution
		HideSolutionNode = FALSE
	EndGlobalSection
	GlobalSection(ExtensibilityGlobals) = postSolution
		SolutionGuid = {BA1D0BC0-C4C1-47E9-8824-E6F57113C787}
	EndGlobalSection
EndGlobal
